<?xml version="1.0" encoding="utf-8"?>
<Project ToolsVersion="4.0" xmlns="http://schemas.microsoft.com/developer/msbuild/2003">
  <ItemGroup>
    <ClCompile Include="MainApp.cpp">
      <Filter>00.MainApp</Filter>
    </ClCompile>
    <ClCompile Include="Client.cpp">
      <Filter>999.Default</Filter>
    </ClCompile>
    <ClCompile Include="ClientGlobal.cpp">
      <Filter>999.Default</Filter>
    </ClCompile>
    <ClCompile Include="ClientPch.cpp">
      <Filter>999.Default</Filter>
    </ClCompile>
    <ClCompile Include="Inc\Imguizmo\ImGuizmo.cpp">
      <Filter>99.imgui</Filter>
    </ClCompile>
    <ClCompile Include="Inc\Imgui\imgui.cpp">
      <Filter>99.imgui</Filter>
    </ClCompile>
    <ClCompile Include="Inc\Imgui\imgui_draw.cpp">
      <Filter>99.imgui</Filter>
    </ClCompile>
    <ClCompile Include="Inc\Imgui\imgui_impl_dx11.cpp">
      <Filter>99.imgui</Filter>
    </ClCompile>
    <ClCompile Include="Inc\Imgui\imgui_impl_win32.cpp">
      <Filter>99.imgui</Filter>
    </ClCompile>
    <ClCompile Include="Inc\Imgui\imgui_tables.cpp">
      <Filter>99.imgui</Filter>
    </ClCompile>
    <ClCompile Include="Inc\Imgui\imgui_widgets.cpp">
      <Filter>99.imgui</Filter>
    </ClCompile>
    <ClCompile Include="QuadColorScene.cpp">
      <Filter>01.Scene</Filter>
    </ClCompile>
  </ItemGroup>
  <ItemGroup>
    <ClInclude Include="MainApp.h">
      <Filter>00.MainApp</Filter>
    </ClInclude>
    <ClInclude Include="Client.h">
      <Filter>999.Default</Filter>
    </ClInclude>
    <ClInclude Include="Resource.h">
      <Filter>999.Default</Filter>
    </ClInclude>
    <ClInclude Include="ClientGlobal.h">
      <Filter>999.Default</Filter>
    </ClInclude>
    <ClInclude Include="ClientPch.h">
      <Filter>999.Default</Filter>
    </ClInclude>
    <ClInclude Include="QuadColorScene.h">
      <Filter>01.Scene</Filter>
    </ClInclude>
  </ItemGroup>
  <ItemGroup>
    <Image Include="Client.ico">
      <Filter>999.Default</Filter>
    </Image>
    <Image Include="small.ico">
      <Filter>999.Default</Filter>
    </Image>
  </ItemGroup>
  <ItemGroup>
    <Filter Include="00.MainApp">
      <UniqueIdentifier>{9e447b83-3900-43c6-b7ea-d6ccf3df0517}</UniqueIdentifier>
    </Filter>
    <Filter Include="999.Default">
      <UniqueIdentifier>{224195ce-cada-4d03-a160-6180913c7979}</UniqueIdentifier>
    </Filter>
    <Filter Include="97.Enum">
      <UniqueIdentifier>{544b1b67-8db4-4b2d-8594-d402cd074444}</UniqueIdentifier>
    </Filter>
    <Filter Include="99.imgui">
      <UniqueIdentifier>{8876eeeb-c40a-4f21-a86b-a925efcb52ba}</UniqueIdentifier>
    </Filter>
    <Filter Include="01.Scene">
      <UniqueIdentifier>{495dd666-3da2-4fcb-ad02-391d76e3f8c7}</UniqueIdentifier>
    </Filter>
  </ItemGroup>
  <ItemGroup>
    <ResourceCompile Include="Client.rc">
      <Filter>999.Default</Filter>
    </ResourceCompile>
  </ItemGroup>
</Project>